
Microsoft Visual Studio Solution File, Format Version 12.00
# Visual Studio Version 17
VisualStudioVersion = 17.4.33213.308
MinimumVisualStudioVersion = 10.0.40219.1
Project("{FAE04EC0-301F-11D3-BF4B-00C04F79EFBC}") = "hw8.1", "hw8.1\hw8.1.csproj", "{3B605729-2961-42E5-B173-AF196F026F31}"
EndProject
Global
	GlobalSection(SolutionConfigurationPlatforms) = preSolution
		Debug|Any CPU = Debug|Any CPU
		Release|Any CPU = Release|Any CPU
	EndGlobalSection
	GlobalSection(ProjectConfigurationPlatforms) = postSolution
		{3B605729-2961-42E5-B173-AF196F026F31}.Debug|Any CPU.ActiveCfg = Debug|Any CPU
		{3B605729-2961-42E5-B173-AF196F026F31}.Debug|Any CPU.Build.0 = Debug|Any CPU
		{3B605729-2961-42E5-B173-AF196F026F31}.Release|Any CPU.ActiveCfg = Release|Any CPU
		{3B605729-2961-42E5-B173-AF196F026F31}.Release|Any CPU.Build.0 = Release|Any CPU
	EndGlobalSection
	GlobalSection(SolutionProperties) = preSolution
		HideSolutionNode = FALSE
	EndGlobalSection
	GlobalSection(ExtensibilityGlobals) = postSolution
		SolutionGuid = {34B2990B-797E-4CB8-9B74-14F3AA27C6E9}
	EndGlobalSection
EndGlobal
